github.com/felixge/tcpkeepalive v0.0.0-20160804073959-5bb0b2dea91e/go.mod h1:z0yk3Pix6k848RFizhkU4uY36ts5pB1t3toBwudGbBo=
github.com/go-chi/chi v1.5.4 h1:QHdzF2szwjqVV4wmByUnTcsbIg7UGaQ0tPF2t5GcAIs=
github.com/go-chi/chi v1.5.4/go.mod h1:uaf8YgoFazUOkPBG7fxPftUylNumIev9awIWOENIuEg=
github.com/go-errors/errors v1.1.1/go.mod h1:psDX2osz5VnTOnFWbDeWwS7yejl+uV3FEWEp4lssFEs=
github.com/golang/snappy v0.0.3/go.mod h1:/XxbfmMg8lxefKM7IXC3fBNl/7bRcc72aCRzEWrmP2Q=
github.com/google/go-cmp v0.5.1 h1:JFrFEBb2xKufg6XkJsJr+WbKb4FQlURi5RUcBveYu9k=
github.com/google/go-cmp v0.5.1/go.mod h1:v8dTdLbMG2kIc/vJvl+f65V22dbkXbowE6jgT/gNBxE=
github.com/klauspost/compress v1.12.2/go.mod h1:8dP1Hq4DHOhN9w426knH3Rhby4rFm6D8eO+e+Dq5Gzg=
github.com/maruel/panicparse v1.6.1 h1:803MjBzGcUgE1vYgg3UMNq3G1oyYeKkMu3t6hBS97x0=
github.com/maruel/panicparse v1.6.1/go.mod h1:uoxI4w9gJL6XahaYPMq/z9uadrdr1SyHuQwV2q80Mm0=
github.com/maruel/panicparse/v2 v2.1.1/go.mod h1:AeTWdCE4lcq8OKsLb6cHSj1RWHVSnV9HBCk7sKLF4Jg=
github.com/mattn/go-colorable v0.1.7 h1:bQGKb3vps/j0E9GfJQ03JyhRuxsvdAanXlT9BTw3mdw=
github.com/mattn/go-colorable v0.1.7/go.mod h1:u6P/XSegPjTcexA+o6vUJrdnUu04hMope9wVRipJSqc=
github.com/mattn/go-isatty v0.0.12 h1:wuysRhFDzyxgEmMf5xjvJ2M9dZoWAXNNr5LSBS7uHXY=
github.com/mattn/go-isatty v0.0.12/go.mod h1:cbi8OIDigv2wuxKPP5vlRcQ1OAZbq2CE4Kysco4FUpU=
github.com/mgutz/ansi v0.0.0-20200706080929-d51e80ef957d h1:5PJl274Y63IEHC+7izoQE9x6ikvDFZS2mDVS3drnohI=
github.com/mgutz/ansi v0.0.0-20200706080929-d51e80ef957d/go.mod h1:01TrycV0kFyexm33Z7vhZRXopbI8J3TDReVlkTgMUxE=
github.com/moisespsena-go/default-logger v0.0.1/go.mod h1:VX9fxGiUHjsHg5NB6WCH3SnmBB6YxpA+JfTvmhTrcdY=
github.com/moisespsena-go/http-post-limit v0.0.1 h1:6NFLgZU2pCeObWDkbe57qV+6N0sqW7d8ym+PW65bRwY=
github.com/moisespsena-go/http-post-limit v0.0.1/go.mod h1:cN9hgkEaQsyIA2vxVPYq1i1nvtkMAQhKUGaj20mLSMc=
github.com/moisespsena-go/httpu v0.0.1 h1:PPRhZxaMsheavcFx/yu7Zjk+AdC7uaJXuYytf6Vkwho=
github.com/moisespsena-go/httpu v0.0.1/go.mod h1:H4uA05A1MOnA8x45w3FoVXkpoJJjAUP+PNIAyMyhzbY=
github.com/moisespsena-go/logging v0.0.2 h1:qWdk3NP4/4l8WZ7NJfUumr+4k+V+ctM8/guC6hKXSNw=
github.com/moisespsena-go/logging v0.0.2/go.mod h1:ktLpiRW/3s714ULW/KBdDV7beOKr/uH/TPEcusg8d1o=
github.com/moisespsena-go/path-helpers v0.0.3 h1:SdDktF5ubateJKQNhIkiABTeG+Ct1sTvzGv5DBFKxLA=
github.com/moisespsena-go/path-helpers v0.0.3/go.mod h1:wgQw5+Ei7COdNIwKFG8eC1jyDDpTOIjjkrWPBZe1XU0=
github.com/moisespsena-go/signald v0.0.3/go.mod h1:ICJPmhYG39D9fa0veqakXkJaRW7Vxufnp5356/owonU=
github.com/moisespsena-go/task v0.0.1/go.mod h1:V0P7s5xyp8PQzeOFitLu2eah8IVJ08Kn8sL9ERgbkIw=
github.com/moisespsena-go/tracederror v0.0.1 h1:mDptJq50Fnl57GW6OTPTEo6GcUaNdfVv6ysIvTc1KYI=
github.com/moisespsena-go/tracederror v0.0.1/go.mod h1:GoEarEyWoWMIlUhR2yJ/yKaEvE9RzdsJCPckp7k8YxE=
github.com/phayes/permbits v0.0.0-20190612203442-39d7c581d2ee h1:P6U24L02WMfj9ymZTxl7CxS73JC99x3ukk+DBkgQGQs=
github.com/phayes/permbits v0.0.0-20190612203442-39d7c581d2ee/go.mod h1:3uODdxMgOaPYeWU7RzZLxVtJHZ/x1f/iHkBZuKJDzuY=
github.com/pkg/errors v0.9.1 h1:FEBLx1zS214owpjy7qsBeixbURkuhQAwrK5UwLGTwt4=
github.com/pkg/errors v0.9.1/go.mod h1:bwawxfHBFNV+L2hUp1rHADufV3IMtnDRdf1r5NINEl0=
github.com/unapu-go/error-utils v0.0.1 h1:aHQJvl7YWu+gNWKvXgYZ4YEf+zH9U3Qo5gX/OXBWOBo=
github.com/unapu-go/error-utils v0.0.1/go.mod h1:bcLPK5nMCJSDu0WDrRv6kX3qseX2gSqNt0+SczNCTgM=
github.com/unapu-go/safewriter v0.0.1/go.mod h1:UKKjY9emIsKUkqemq7JzJ4prYS0wwzwl15VcGQ96nYo=
github.com/unapu-go/tlsgen v0.0.1/go.mod h1:1imQ3kPLcpnos5g4CA4ErOqxJtb0nbec2J4NwwWO5pE=
github.com/unapu-go/tlsloader v0.0.1/go.mod h1:UomUmkpqHKbm8ofuZNUH+ZXpsujlbiT2r4B16HVxfk4=
github.com/xi2/httpgzip v0.0.0-20190509075255-932ab5e254ae/go.mod h1:79MWNkfNT6haX1tL/I2CxfAR76mUWukU+Anzr2S7B2E=
golang.org/x/net v0.0.0-20210423184538-5f58ad60dda6/go.mod h1:OJAsFXCWl8Ukc7SiCT/9KSuxbyM7479/AVlXFRxuMCk=
golang.org/x/sys v0.0.0-20200116001909-b77594299b42/go.mod h1:h1NjWce9XRLGQEsW7wpKNCjG9DtNlClVuFLEZdDNbEs=
golang.org/x/sys v0.0.0-20200223170610-d5e6a3e2c0ae/go.mod h1:h1NjWce9XRLGQEsW7wpKNCjG9DtNlClVuFLEZdDNbEs=
golang.org/x/sys v0.0.0-20200724161237-0e2f3a69832c/go.mod h1:h1NjWce9XRLGQEsW7wpKNCjG9DtNlClVuFLEZdDNbEs=
golang.org/x/sys v0.0.0-20201119102817-f84b799fce68/go.mod h1:h1NjWce9XRLGQEsW7wpKNCjG9DtNlClVuFLEZdDNbEs=
golang.org/x/sys v0.0.0-20210423082822-04245dca01da h1:b3NXsE2LusjYGGjL5bxEVZZORm/YEFFrWFjR8eFrw/c=
golang.org/x/sys v0.0.0-20210423082822-04245dca01da/go.mod h1:h1NjWce9XRLGQEsW7wpKNCjG9DtNlClVuFLEZdDNbEs=
golang.org/x/term v0.0.0-20201126162022-7de9c90e9dd1/go.mod h1:bj7SfCRtBDWHUb9snDiAeCFNEtKQo2Wmx5Cou7ajbmo=
golang.org/x/text v0.3.6/go.mod h1:5Zoc/QRtKVWzQhOtBMvqHzDpF6irO9z98xDceosuGiQ=
golang.org/x/tools v0.0.0-20180917221912-90fa682c2a6e/go.mod h1:n7NCudcB/nEzxVGmLbDWY5pfWTLqBcC2KZ6jyYvM4mQ=
golang.org/x/xerrors v0.0.0-20191204190536-9bdfabe68543 h1:E7g+9GITq07hpfrRu66IVDexMakfv52eLZ2CXBWiKr4=
golang.org/x/xerrors v0.0.0-20191204190536-9bdfabe68543/go.mod h1:I/5z698sn9Ka8TeJc9MKroUUfqBBauWjQqLJ2OPfmY0=
